// !$*UTF8*$!
{
	archiveVersion = 1;
	classes = {
	};
	objectVersion = 50;
	objects = {

/* Begin PBXBuildFile section */
		7D309E8220FE7AE1000353EA /* AppDelegate.swift in Sources */ = {isa = PBXBuildFile; fileRef = 7D309E8120FE7AE1000353EA /* AppDelegate.swift */; };
		7D309E8720FE7AE1000353EA /* Main.storyboard in Resources */ = {isa = PBXBuildFile; fileRef = 7D309E8520FE7AE1000353EA /* Main.storyboard */; };
		7D309E8920FE7AE2000353EA /* Assets.xcassets in Resources */ = {isa = PBXBuildFile; fileRef = 7D309E8820FE7AE2000353EA /* Assets.xcassets */; };
		7D309E8C20FE7AE2000353EA /* LaunchScreen.storyboard in Resources */ = {isa = PBXBuildFile; fileRef = 7D309E8A20FE7AE2000353EA /* LaunchScreen.storyboard */; };
		7D309E9C20FE85EC000353EA /* ItemViewController.swift in Sources */ = {isa = PBXBuildFile; fileRef = 7D309E9820FE85EC000353EA /* ItemViewController.swift */; };
		7D309E9D20FE85EC000353EA /* Item.swift in Sources */ = {isa = PBXBuildFile; fileRef = 7D309E9B20FE85EC000353EA /* Item.swift */; };
		7D4C723B20FF79A50012019E /* ItemStore.swift in Sources */ = {isa = PBXBuildFile; fileRef = 7D4C723A20FF79A50012019E /* ItemStore.swift */; };
		7D4C723D20FFDD990012019E /* ItemCell.swift in Sources */ = {isa = PBXBuildFile; fileRef = 7D4C723C20FFDD990012019E /* ItemCell.swift */; };
		7D4C723F21012B780012019E /* DetailViewController.swift in Sources */ = {isa = PBXBuildFile; fileRef = 7D4C723E21012B780012019E /* DetailViewController.swift */; };
		7D4C724121013BD80012019E /* CustomTextField.swift in Sources */ = {isa = PBXBuildFile; fileRef = 7D4C724021013BD80012019E /* CustomTextField.swift */; };
/* End PBXBuildFile section */

/* Begin PBXFileReference section */
		7D309E7E20FE7AE1000353EA /* Homepwner.app */ = {isa = PBXFileReference; explicitFileType = wrapper.application; includeInIndex = 0; path = Homepwner.app; sourceTree = BUILT_PRODUCTS_DIR; };
		7D309E8120FE7AE1000353EA /* AppDelegate.swift */ = {isa = PBXFileReference; lastKnownFileType = sourcecode.swift; path = AppDelegate.swift; sourceTree = "<group>"; };
		7D309E8620FE7AE1000353EA /* Base */ = {isa = PBXFileReference; lastKnownFileType = file.storyboard; name = Base; path = Base.lproj/Main.storyboard; sourceTree = "<group>"; };
		7D309E8820FE7AE2000353EA /* Assets.xcassets */ = {isa = PBXFileReference; lastKnownFileType = folder.assetcatalog; path = Assets.xcassets; sourceTree = "<group>"; };
		7D309E8B20FE7AE2000353EA /* Base */ = {isa = PBXFileReference; lastKnownFileType = file.storyboard; name = Base; path = Base.lproj/LaunchScreen.storyboard; sourceTree = "<group>"; };
		7D309E8D20FE7AE2000353EA /* Info.plist */ = {isa = PBXFileReference; lastKnownFileType = text.plist.xml; path = Info.plist; sourceTree = "<group>"; };
		7D309E9820FE85EC000353EA /* ItemViewController.swift */ = {isa = PBXFileReference; fileEncoding = 4; lastKnownFileType = sourcecode.swift; path = ItemViewController.swift; sourceTree = "<group>"; };
		7D309E9B20FE85EC000353EA /* Item.swift */ = {isa = PBXFileReference; fileEncoding = 4; lastKnownFileType = sourcecode.swift; path = Item.swift; sourceTree = "<group>"; };
		7D4C723A20FF79A50012019E /* ItemStore.swift */ = {isa = PBXFileReference; lastKnownFileType = sourcecode.swift; name = ItemStore.swift; path = Homepwner/Model/ItemStore.swift; sourceTree = SOURCE_ROOT; };
		7D4C723C20FFDD990012019E /* ItemCell.swift */ = {isa = PBXFileReference; lastKnownFileType = sourcecode.swift; name = ItemCell.swift; path = Homepwner/View/ItemCell.swift; sourceTree = SOURCE_ROOT; };
		7D4C723E21012B780012019E /* DetailViewController.swift */ = {isa = PBXFileReference; lastKnownFileType = sourcecode.swift; path = DetailViewController.swift; sourceTree = "<group>"; };
		7D4C724021013BD80012019E /* CustomTextField.swift */ = {isa = PBXFileReference; lastKnownFileType = sourcecode.swift; path = CustomTextField.swift; sourceTree = "<group>"; };
/* End PBXFileReference section */

/* Begin PBXFrameworksBuildPhase section */
		7D309E7B20FE7AE1000353EA /* Frameworks */ = {
			isa = PBXFrameworksBuildPhase;
			buildActionMask = 2147483647;
			files = (
			);
			runOnlyForDeploymentPostprocessing = 0;
		};
/* End PBXFrameworksBuildPhase section */

/* Begin PBXGroup section */
		7D309E7520FE7AE1000353EA = {
			isa = PBXGroup;
			children = (
				7D309E8020FE7AE1000353EA /* Homepwner */,
				7D309E7F20FE7AE1000353EA /* Products */,
			);
			sourceTree = "<group>";
		};
		7D309E7F20FE7AE1000353EA /* Products */ = {
			isa = PBXGroup;
			children = (
				7D309E7E20FE7AE1000353EA /* Homepwner.app */,
			);
			name = Products;
			sourceTree = "<group>";
		};
		7D309E8020FE7AE1000353EA /* Homepwner */ = {
			isa = PBXGroup;
			children = (
				7D309E9720FE85EC000353EA /* Controller */,
				7D309E9A20FE85EC000353EA /* Model */,
				7D309E9920FE85EC000353EA /* View */,
				7D309E8120FE7AE1000353EA /* AppDelegate.swift */,
				7D309E8520FE7AE1000353EA /* Main.storyboard */,
				7D309E8820FE7AE2000353EA /* Assets.xcassets */,
				7D309E8A20FE7AE2000353EA /* LaunchScreen.storyboard */,
				7D309E8D20FE7AE2000353EA /* Info.plist */,
			);
			path = Homepwner;
			sourceTree = "<group>";
		};
		7D309E9720FE85EC000353EA /* Controller */ = {
			isa = PBXGroup;
			children = (
				7D309E9820FE85EC000353EA /* ItemViewController.swift */,
				7D4C723E21012B780012019E /* DetailViewController.swift */,
			);
			path = Controller;
			sourceTree = "<group>";
		};
		7D309E9920FE85EC000353EA /* View */ = {
			isa = PBXGroup;
			children = (
				7D4C723C20FFDD990012019E /* ItemCell.swift */,
				7D4C724021013BD80012019E /* CustomTextField.swift */,
			);
			path = View;
			sourceTree = "<group>";
		};
		7D309E9A20FE85EC000353EA /* Model */ = {
			isa = PBXGroup;
			children = (
				7D4C723A20FF79A50012019E /* ItemStore.swift */,
				7D309E9B20FE85EC000353EA /* Item.swift */,
			);
			path = Model;
			sourceTree = "<group>";
		};
/* End PBXGroup section */

/* Begin PBXNativeTarget section */
		7D309E7D20FE7AE1000353EA /* Homepwner */ = {
			isa = PBXNativeTarget;
			buildConfigurationList = 7D309E9020FE7AE2000353EA /* Build configuration list for PBXNativeTarget "Homepwner" */;
			buildPhases = (
				7D309E7A20FE7AE1000353EA /* Sources */,
				7D309E7B20FE7AE1000353EA /* Frameworks */,
				7D309E7C20FE7AE1000353EA /* Resources */,
			);
			buildRules = (
			);
			dependencies = (
			);
			name = Homepwner;
			productName = Homepwner;
			productReference = 7D309E7E20FE7AE1000353EA /* Homepwner.app */;
			productType = "com.apple.product-type.application";
		};
/* End PBXNativeTarget section */

/* Begin PBXProject section */
		7D309E7620FE7AE1000353EA /* Project object */ = {
			isa = PBXProject;
			attributes = {
				LastSwiftUpdateCheck = 0940;
				LastUpgradeCheck = 0940;
				ORGANIZATIONNAME = "Jason Ngo";
				TargetAttributes = {
					7D309E7D20FE7AE1000353EA = {
						CreatedOnToolsVersion = 9.4.1;
					};
				};
			};
			buildConfigurationList = 7D309E7920FE7AE1000353EA /* Build configuration list for PBXProject "Homepwner" */;
			compatibilityVersion = "Xcode 9.3";
			developmentRegion = en;
			hasScannedForEncodings = 0;
			knownRegions = (
				en,
				Base,
			);
			mainGroup = 7D309E7520FE7AE1000353EA;
			productRefGroup = 7D309E7F20FE7AE1000353EA /* Products */;
			projectDirPath = "";
			projectRoot = "";
			targets = (
				7D309E7D20FE7AE1000353EA /* Homepwner */,
			);
		};
/* End PBXProject section */

/* Begin PBXResourcesBuildPhase section */
		7D309E7C20FE7AE1000353EA /* Resources */ = {
			isa = PBXResourcesBuildPhase;
			buildActionMask = 2147483647;
			files = (
				7D309E8C20FE7AE2000353EA /* LaunchScreen.storyboard in Resources */,
				7D309E8920FE7AE2000353EA /* Assets.xcassets in Resources */,
				7D309E8720FE7AE1000353EA /* Main.storyboard in Resources */,
			);
			runOnlyForDeploymentPostprocessing = 0;
		};
/* End PBXResourcesBuildPhase section */

/* Begin PBXSourcesBuildPhase section */
		7D309E7A20FE7AE1000353EA /* Sources */ = {
			isa = PBXSourcesBuildPhase;
			buildActionMask = 2147483647;
			files = (
				7D4C724121013BD80012019E /* CustomTextField.swift in Sources */,
				7D309E9D20FE85EC000353EA /* Item.swift in Sources */,
				7D309E9C20FE85EC000353EA /* ItemViewController.swift in Sources */,
				7D4C723B20FF79A50012019E /* ItemStore.swift in Sources */,
				7D4C723F21012B780012019E /* DetailViewController.swift in Sources */,
				7D309E8220FE7AE1000353EA /* AppDelegate.swift in Sources */,
				7D4C723D20FFDD990012019E /* ItemCell.swift in Sources */,
			);
			runOnlyForDeploymentPostprocessing = 0;
		};
/* End PBXSourcesBuildPhase section */

/* Begin PBXVariantGroup section */
		7D309E8520FE7AE1000353EA /* Main.storyboard */ = {
			isa = PBXVariantGroup;
			children = (
				7D309E8620FE7AE1000353EA /* Base */,
			);
			name = Main.storyboard;
			sourceTree = "<group>";
		};
		7D309E8A20FE7AE2000353EA /* LaunchScreen.storyboard */ = {
			isa = PBXVariantGroup;
			children = (
				7D309E8B20FE7AE2000353EA /* Base */,
			);
			name = LaunchScreen.storyboard;
			sourceTree = "<group>";
		};
/* End PBXVariantGroup section */

/* Begin XCBuildConfiguration section */
		7D309E8E20FE7AE2000353EA /* Debug */ = {
			isa = XCBuildConfiguration;
			buildSettings = {
				ALWAYS_SEARCH_USER_PATHS = NO;
				CLANG_ANALYZER_NONNULL = YES;
				CLANG_ANALYZER_NUMBER_OBJECT_CONVERSION = YES_AGGRESSIVE;
				CLANG_CXX_LANGUAGE_STANDARD = "gnu++14";
				CLANG_CXX_LIBRARY = "libc++";
				CLANG_ENABLE_MODULES = YES;
				CLANG_ENABLE_OBJC_ARC = YES;
				CLANG_ENABLE_OBJC_WEAK = YES;
				CLANG_WARN_BLOCK_CAPTURE_AUTORELEASING = YES;
				CLANG_WARN_BOOL_CONVERSION = YES;
				CLANG_WARN_COMMA = YES;
				CLANG_WARN_CONSTANT_CONVERSION = YES;
				CLANG_WARN_DEPRECATED_OBJC_IMPLEMENTATIONS = YES;
				CLANG_WARN_DIRECT_OBJC_ISA_USAGE = YES_ERROR;
				CLANG_WARN_DOCUMENTATION_COMMENTS = YES;
				CLANG_WARN_EMPTY_BODY = YES;
				CLANG_WARN_ENUM_CONVERSION = YES;
				CLANG_WARN_INFINITE_RECURSION = YES;
				CLANG_WARN_INT_CONVERSION = YES;
				CLANG_WARN_NON_LITERAL_NULL_CONVERSION = YES;
				CLANG_WARN_OBJC_IMPLICIT_RETAIN_SELF = YES;
				CLANG_WARN_OBJC_LITERAL_CONVERSION = YES;
				CLANG_WARN_OBJC_ROOT_CLASS = YES_ERROR;
				CLANG_WARN_RANGE_LOOP_ANALYSIS = YES;
				CLANG_WARN_STRICT_PROTOTYPES = YES;
				CLANG_WARN_SUSPICIOUS_MOVE = YES;
				CLANG_WARN_UNGUARDED_AVAILABILITY = YES_AGGRESSIVE;
				CLANG_WARN_UNREACHABLE_CODE = YES;
				CLANG_WARN__DUPLICATE_METHOD_MATCH = YES;
				CODE_SIGN_IDENTITY = "iPhone Developer";
				COPY_PHASE_STRIP = NO;
				DEBUG_INFORMATION_FORMAT = dwarf;
				ENABLE_STRICT_OBJC_MSGSEND = YES;
				ENABLE_TESTABILITY = YES;
				GCC_C_LANGUAGE_STANDARD = gnu11;
				GCC_DYNAMIC_NO_PIC = NO;
				GCC_NO_COMMON_BLOCKS = YES;
				GCC_OPTIMIZATION_LEVEL = 0;
				GCC_PREPROCESSOR_DEFINITIONS = (
					"DEBUG=1",
					"$(inherited)",
				);
				GCC_WARN_64_TO_32_BIT_CONVERSION = YES;
				GCC_WARN_ABOUT_RETURN_TYPE = YES_ERROR;
				GCC_WARN_UNDECLARED_SELECTOR = YES;
				GCC_WARN_UNINITIALIZED_AUTOS = YES_AGGRESSIVE;
				GCC_WARN_UNUSED_FUNCTION = YES;
				GCC_WARN_UNUSED_VARIABLE = YES;
				IPHONEOS_DEPLOYMENT_TARGET = 11.4;
				MTL_ENABLE_DEBUG_INFO = YES;
				ONLY_ACTIVE_ARCH = YES;
				SDKROOT = iphoneos;
				SWIFT_ACTIVE_COMPILATION_CONDITIONS = DEBUG;
				SWIFT_OPTIMIZATION_LEVEL = "-Onone";
			};
			name = Debug;
		};
		7D309E8F20FE7AE2000353EA /* Release */ = {
			isa = XCBuildConfiguration;
			buildSettings = {
				ALWAYS_SEARCH_USER_PATHS = NO;
				CLANG_ANALYZER_NONNULL = YES;
				CLANG_ANALYZER_NUMBER_OBJECT_CONVERSION = YES_AGGRESSIVE;
				CLANG_CXX_LANGUAGE_STANDARD = "gnu++14";
				CLANG_CXX_LIBRARY = "libc++";
				CLANG_ENABLE_MODULES = YES;
				CLANG_ENABLE_OBJC_ARC = YES;
				CLANG_ENABLE_OBJC_WEAK = YES;
				CLANG_WARN_BLOCK_CAPTURE_AUTORELEASING = YES;
				CLANG_WARN_BOOL_CONVERSION = YES;
				CLANG_WARN_COMMA = YES;
				CLANG_WARN_CONSTANT_CONVERSION = YES;
				CLANG_WARN_DEPRECATED_OBJC_IMPLEMENTATIONS = YES;
				CLANG_WARN_DIRECT_OBJC_ISA_USAGE = YES_ERROR;
				CLANG_WARN_DOCUMENTATION_COMMENTS = YES;
				CLANG_WARN_EMPTY_BODY = YES;
				CLANG_WARN_ENUM_CONVERSION = YES;
				CLANG_WARN_INFINITE_RECURSION = YES;
				CLANG_WARN_INT_CONVERSION = YES;
				CLANG_WARN_NON_LITERAL_NULL_CONVERSION = YES;
				CLANG_WARN_OBJC_IMPLICIT_RETAIN_SELF = YES;
				CLANG_WARN_OBJC_LITERAL_CONVERSION = YES;
				CLANG_WARN_OBJC_ROOT_CLASS = YES_ERROR;
				CLANG_WARN_RANGE_LOOP_ANALYSIS = YES;
				CLANG_WARN_STRICT_PROTOTYPES = YES;
				CLANG_WARN_SUSPICIOUS_MOVE = YES;
				CLANG_WARN_UNGUARDED_AVAILABILITY = YES_AGGRESSIVE;
				CLANG_WARN_UNREACHABLE_CODE = YES;
				CLANG_WARN__DUPLICATE_METHOD_MATCH = YES;
				CODE_SIGN_IDENTITY = "iPhone Developer";
				COPY_PHASE_STRIP = NO;
				DEBUG_INFORMATION_FORMAT = "dwarf-with-dsym";
				ENABLE_NS_ASSERTIONS = NO;
				ENABLE_STRICT_OBJC_MSGSEND = YES;
				GCC_C_LANGUAGE_STANDARD = gnu11;
				GCC_NO_COMMON_BLOCKS = YES;
				GCC_WARN_64_TO_32_BIT_CONVERSION = YES;
				GCC_WARN_ABOUT_RETURN_TYPE = YES_ERROR;
				GCC_WARN_UNDECLARED_SELECTOR = YES;
				GCC_WARN_UNINITIALIZED_AUTOS = YES_AGGRESSIVE;
				GCC_WARN_UNUSED_FUNCTION = YES;
				GCC_WARN_UNUSED_VARIABLE = YES;
				IPHONEOS_DEPLOYMENT_TARGET = 11.4;
				MTL_ENABLE_DEBUG_INFO = NO;
				SDKROOT = iphoneos;
				SWIFT_COMPILATION_MODE = wholemodule;
				SWIFT_OPTIMIZATION_LEVEL = "-O";
				VALIDATE_PRODUCT = YES;
			};
			name = Release;
		};
		7D309E9120FE7AE2000353EA /* Debug */ = {
			isa = XCBuildConfiguration;
			buildSettings = {
				ASSETCATALOG_COMPILER_APPICON_NAME = AppIcon;
				CODE_SIGN_STYLE = Automatic;
				DEVELOPMENT_TEAM = 3TDSAUM76X;
				INFOPLIST_FILE = Homepwner/Info.plist;
				LD_RUNPATH_SEARCH_PATHS = (
					"$(inherited)",
					"@executable_path/Frameworks",
				);
				PRODUCT_BUNDLE_IDENTIFIER = ngo.jason.Homepwner;
				PRODUCT_NAME = "$(TARGET_NAME)";
				SWIFT_VERSION = 4.0;
				TARGETED_DEVICE_FAMILY = 1;
			};
			name = Debug;
		};
		7D309E9220FE7AE2000353EA /* Release */ = {
			isa = XCBuildConfiguration;
			buildSettings = {
				ASSETCATALOG_COMPILER_APPICON_NAME = AppIcon;
				CODE_SIGN_STYLE = Automatic;
				DEVELOPMENT_TEAM = 3TDSAUM76X;
				INFOPLIST_FILE = Homepwner/Info.plist;
				LD_RUNPATH_SEARCH_PATHS = (
					"$(inherited)",
					"@executable_path/Frameworks",
				);
				PRODUCT_BUNDLE_IDENTIFIER = ngo.jason.Homepwner;
				PRODUCT_NAME = "$(TARGET_NAME)";
				SWIFT_VERSION = 4.0;
				TARGETED_DEVICE_FAMILY = 1;
			};
			name = Release;
		};
/* End XCBuildConfiguration section */

/* Begin XCConfigurationList section */
		7D309E7920FE7AE1000353EA /* Build configuration list for PBXProject "Homepwner" */ = {
			isa = XCConfigurationList;
			buildConfigurations = (
				7D309E8E20FE7AE2000353EA /* Debug */,
				7D309E8F20FE7AE2000353EA /* Release */,
			);
			defaultConfigurationIsVisible = 0;
			defaultConfigurationName = Release;
		};
		7D309E9020FE7AE2000353EA /* Build configuration list for PBXNativeTarget "Homepwner" */ = {
			isa = XCConfigurationList;
			buildConfigurations = (
				7D309E9120FE7AE2000353EA /* Debug */,
				7D309E9220FE7AE2000353EA /* Release */,
			);
			defaultConfigurationIsVisible = 0;
			defaultConfigurationName = Release;
		};
/* End XCConfigurationList section */
	};
	rootObject = 7D309E7620FE7AE1000353EA /* Project object */;
}
